
Microsoft Visual Studio Solution File, Format Version 12.00
# Visual Studio Version 16
VisualStudioVersion = 16.0.28803.202
MinimumVisualStudioVersion = 10.0.40219.1
Project("{8BC9CEB8-8B4A-11D0-8D11-00A0C91BC942}") = "MaterialSystem", "MaterialSystem\MaterialSystem.vcxproj", "{50EC43A3-9DD6-4C1E-840E-2E23E66BFA70}"
	ProjectSection(ProjectDependencies) = postProject
		{BCAA3EF6-6521-4314-A301-BF1D2FB740C5} = {BCAA3EF6-6521-4314-A301-BF1D2FB740C5}
	EndProjectSection
EndProject
Project("{2150E333-8FDC-42A3-9474-1A3956D46DE8}") = "Solution Items", "Solution Items", "{91809449-36B2-41BF-8EA0-0C100679BC27}"
	ProjectSection(SolutionItems) = preProject
		.editorconfig = .editorconfig
	EndProjectSection
EndProject
Project("{8BC9CEB8-8B4A-11D0-8D11-00A0C91BC942}") = "shaderapivulkan", "shaderapivulkan\shaderapivulkan.vcxproj", "{B47D0193-FBE9-4F6D-B722-215E3D12DC15}"
	ProjectSection(ProjectDependencies) = postProject
		{31135B2A-945B-4440-96EC-724BB0738FC7} = {31135B2A-945B-4440-96EC-724BB0738FC7}
		{92A717EE-4898-4730-963D-41F6C5015A62} = {92A717EE-4898-4730-963D-41F6C5015A62}
		{BCAA3EF6-6521-4314-A301-BF1D2FB740C5} = {BCAA3EF6-6521-4314-A301-BF1D2FB740C5}
	EndProjectSection
EndProject
Project("{8BC9CEB8-8B4A-11D0-8D11-00A0C91BC942}") = "TF2VulkanUtil", "TF2VulkanUtil\TF2VulkanUtil.vcxproj", "{BCAA3EF6-6521-4314-A301-BF1D2FB740C5}"
EndProject
Project("{8BC9CEB8-8B4A-11D0-8D11-00A0C91BC942}") = "spirv-cross", "spirv-cross-project\spirv-cross.vcxproj", "{31135B2A-945B-4440-96EC-724BB0738FC7}"
EndProject
Project("{8BC9CEB8-8B4A-11D0-8D11-00A0C91BC942}") = "stdshader_vulkan", "stdshader_vulkan\stdshader_vulkan.vcxproj", "{92A717EE-4898-4730-963D-41F6C5015A62}"
	ProjectSection(ProjectDependencies) = postProject
		{BCAA3EF6-6521-4314-A301-BF1D2FB740C5} = {BCAA3EF6-6521-4314-A301-BF1D2FB740C5}
	EndProjectSection
EndProject
Project("{2150E333-8FDC-42A3-9474-1A3956D46DE8}") = "Third-party libraries", "Third-party libraries", "{53772805-4E34-45B5-BDD7-51F45A0F300F}"
EndProject
Project("{2150E333-8FDC-42A3-9474-1A3956D46DE8}") = "Inactive Projects", "Inactive Projects", "{2B33EDE1-32E5-4408-848E-D5BEBEC7523F}"
EndProject
Project("{8BC9CEB8-8B4A-11D0-8D11-00A0C91BC942}") = "ShaderDebuggingEnv", "ShaderDebuggingEnv\ShaderDebuggingEnv.vcxproj", "{7B521A4D-BB8E-466F-9E8B-EBE3FB1BE919}"
EndProject
Global
	GlobalSection(SolutionConfigurationPlatforms) = preSolution
		Debug|x64 = Debug|x64
		Debug|x86 = Debug|x86
		Release|x64 = Release|x64
		Release|x86 = Release|x86
	EndGlobalSection
	GlobalSection(ProjectConfigurationPlatforms) = postSolution
		{50EC43A3-9DD6-4C1E-840E-2E23E66BFA70}.Debug|x64.ActiveCfg = Debug|Win32
		{50EC43A3-9DD6-4C1E-840E-2E23E66BFA70}.Debug|x86.ActiveCfg = Debug|Win32
		{50EC43A3-9DD6-4C1E-840E-2E23E66BFA70}.Debug|x86.Build.0 = Debug|Win32
		{50EC43A3-9DD6-4C1E-840E-2E23E66BFA70}.Release|x64.ActiveCfg = Release|Win32
		{50EC43A3-9DD6-4C1E-840E-2E23E66BFA70}.Release|x86.ActiveCfg = Release|Win32
		{50EC43A3-9DD6-4C1E-840E-2E23E66BFA70}.Release|x86.Build.0 = Release|Win32
		{B47D0193-FBE9-4F6D-B722-215E3D12DC15}.Debug|x64.ActiveCfg = Debug|Win32
		{B47D0193-FBE9-4F6D-B722-215E3D12DC15}.Debug|x86.ActiveCfg = Debug|Win32
		{B47D0193-FBE9-4F6D-B722-215E3D12DC15}.Debug|x86.Build.0 = Debug|Win32
		{B47D0193-FBE9-4F6D-B722-215E3D12DC15}.Release|x64.ActiveCfg = Release|Win32
		{B47D0193-FBE9-4F6D-B722-215E3D12DC15}.Release|x86.ActiveCfg = Release|Win32
		{B47D0193-FBE9-4F6D-B722-215E3D12DC15}.Release|x86.Build.0 = Release|Win32
		{BCAA3EF6-6521-4314-A301-BF1D2FB740C5}.Debug|x64.ActiveCfg = Debug|Win32
		{BCAA3EF6-6521-4314-A301-BF1D2FB740C5}.Debug|x86.ActiveCfg = Debug|Win32
		{BCAA3EF6-6521-4314-A301-BF1D2FB740C5}.Debug|x86.Build.0 = Debug|Win32
		{BCAA3EF6-6521-4314-A301-BF1D2FB740C5}.Release|x64.ActiveCfg = Release|Win32
		{BCAA3EF6-6521-4314-A301-BF1D2FB740C5}.Release|x86.ActiveCfg = Release|Win32
		{BCAA3EF6-6521-4314-A301-BF1D2FB740C5}.Release|x86.Build.0 = Release|Win32
		{31135B2A-945B-4440-96EC-724BB0738FC7}.Debug|x64.ActiveCfg = Debug|Win32
		{31135B2A-945B-4440-96EC-724BB0738FC7}.Debug|x86.ActiveCfg = Debug|Win32
		{31135B2A-945B-4440-96EC-724BB0738FC7}.Debug|x86.Build.0 = Debug|Win32
		{31135B2A-945B-4440-96EC-724BB0738FC7}.Release|x64.ActiveCfg = Release|Win32
		{31135B2A-945B-4440-96EC-724BB0738FC7}.Release|x86.ActiveCfg = Release|Win32
		{31135B2A-945B-4440-96EC-724BB0738FC7}.Release|x86.Build.0 = Release|Win32
		{92A717EE-4898-4730-963D-41F6C5015A62}.Debug|x64.ActiveCfg = Debug|Win32
		{92A717EE-4898-4730-963D-41F6C5015A62}.Debug|x86.ActiveCfg = Debug|Win32
		{92A717EE-4898-4730-963D-41F6C5015A62}.Debug|x86.Build.0 = Debug|Win32
		{92A717EE-4898-4730-963D-41F6C5015A62}.Release|x64.ActiveCfg = Release|Win32
		{92A717EE-4898-4730-963D-41F6C5015A62}.Release|x86.ActiveCfg = Release|Win32
		{92A717EE-4898-4730-963D-41F6C5015A62}.Release|x86.Build.0 = Release|Win32
		{7B521A4D-BB8E-466F-9E8B-EBE3FB1BE919}.Debug|x64.ActiveCfg = Debug|Win32
		{7B521A4D-BB8E-466F-9E8B-EBE3FB1BE919}.Debug|x86.ActiveCfg = Debug|Win32
		{7B521A4D-BB8E-466F-9E8B-EBE3FB1BE919}.Debug|x86.Build.0 = Debug|Win32
		{7B521A4D-BB8E-466F-9E8B-EBE3FB1BE919}.Release|x64.ActiveCfg = Release|Win32
		{7B521A4D-BB8E-466F-9E8B-EBE3FB1BE919}.Release|x86.ActiveCfg = Release|Win32
		{7B521A4D-BB8E-466F-9E8B-EBE3FB1BE919}.Release|x86.Build.0 = Release|Win32
	EndGlobalSection
	GlobalSection(SolutionProperties) = preSolution
		HideSolutionNode = FALSE
	EndGlobalSection
	GlobalSection(NestedProjects) = preSolution
		{50EC43A3-9DD6-4C1E-840E-2E23E66BFA70} = {2B33EDE1-32E5-4408-848E-D5BEBEC7523F}
		{31135B2A-945B-4440-96EC-724BB0738FC7} = {53772805-4E34-45B5-BDD7-51F45A0F300F}
	EndGlobalSection
	GlobalSection(ExtensibilityGlobals) = postSolution
		SolutionGuid = {A3298210-1658-4C51-9399-C694D1536B31}
	EndGlobalSection
EndGlobal
